
Microsoft Visual Studio Solution File, Format Version 12.00
# Visual Studio 14
VisualStudioVersion = 14.0.24720.0
MinimumVisualStudioVersion = 10.0.40219.1
Project("{2150E333-8FDC-42A3-9474-1A3956D46DE8}") = "Engine", "Engine", "{27758633-1F81-465B-911C-E8262A3D682E}"
EndProject
Project("{2150E333-8FDC-42A3-9474-1A3956D46DE8}") = "Games", "Games", "{42B39615-36EF-486E-A96B-EB10049F70F1}"
EndProject
Project("{8BC9CEB8-8B4A-11D0-8D11-00A0C91BC942}") = "UE4", "Intermediate\ProjectFiles\UE4.vcxproj", "{01396C36-F0BD-4BFD-A31F-660D631B959D}"
EndProject
Project("{8BC9CEB8-8B4A-11D0-8D11-00A0C91BC942}") = "SpaceTypingTutor", "Intermediate\ProjectFiles\SpaceTypingTutor.vcxproj", "{7F581FAA-50B4-4374-89FA-D1CA68769EFA}"
EndProject
Global
	GlobalSection(SolutionConfigurationPlatforms) = preSolution
		DebugGame Editor|Android = DebugGame Editor|Android
		DebugGame Editor|Win32 = DebugGame Editor|Win32
		DebugGame Editor|Win64 = DebugGame Editor|Win64
		DebugGame|Android = DebugGame|Android
		DebugGame|Win32 = DebugGame|Win32
		DebugGame|Win64 = DebugGame|Win64
		Development Editor|Android = Development Editor|Android
		Development Editor|Win32 = Development Editor|Win32
		Development Editor|Win64 = Development Editor|Win64
		Development|Android = Development|Android
		Development|Win32 = Development|Win32
		Development|Win64 = Development|Win64
		Shipping|Android = Shipping|Android
		Shipping|Win32 = Shipping|Win32
		Shipping|Win64 = Shipping|Win64
	EndGlobalSection
	GlobalSection(ProjectConfigurationPlatforms) = postSolution
		{01396C36-F0BD-4BFD-A31F-660D631B959D}.DebugGame Editor|Android.ActiveCfg = BuiltWithUnrealBuildTool|Win32
		{01396C36-F0BD-4BFD-A31F-660D631B959D}.DebugGame Editor|Android.Build.0 = BuiltWithUnrealBuildTool|Win32
		{01396C36-F0BD-4BFD-A31F-660D631B959D}.DebugGame Editor|Win32.ActiveCfg = BuiltWithUnrealBuildTool|Win32
		{01396C36-F0BD-4BFD-A31F-660D631B959D}.DebugGame Editor|Win32.Build.0 = BuiltWithUnrealBuildTool|Win32
		{01396C36-F0BD-4BFD-A31F-660D631B959D}.DebugGame Editor|Win64.ActiveCfg = BuiltWithUnrealBuildTool|Win32
		{01396C36-F0BD-4BFD-A31F-660D631B959D}.DebugGame Editor|Win64.Build.0 = BuiltWithUnrealBuildTool|Win32
		{01396C36-F0BD-4BFD-A31F-660D631B959D}.DebugGame|Android.ActiveCfg = BuiltWithUnrealBuildTool|Win32
		{01396C36-F0BD-4BFD-A31F-660D631B959D}.DebugGame|Android.Build.0 = BuiltWithUnrealBuildTool|Win32
		{01396C36-F0BD-4BFD-A31F-660D631B959D}.DebugGame|Win32.ActiveCfg = BuiltWithUnrealBuildTool|Win32
		{01396C36-F0BD-4BFD-A31F-660D631B959D}.DebugGame|Win32.Build.0 = BuiltWithUnrealBuildTool|Win32
		{01396C36-F0BD-4BFD-A31F-660D631B959D}.DebugGame|Win64.ActiveCfg = BuiltWithUnrealBuildTool|Win32
		{01396C36-F0BD-4BFD-A31F-660D631B959D}.DebugGame|Win64.Build.0 = BuiltWithUnrealBuildTool|Win32
		{01396C36-F0BD-4BFD-A31F-660D631B959D}.Development Editor|Android.ActiveCfg = BuiltWithUnrealBuildTool|Win32
		{01396C36-F0BD-4BFD-A31F-660D631B959D}.Development Editor|Android.Build.0 = BuiltWithUnrealBuildTool|Win32
		{01396C36-F0BD-4BFD-A31F-660D631B959D}.Development Editor|Win32.ActiveCfg = BuiltWithUnrealBuildTool|Win32
		{01396C36-F0BD-4BFD-A31F-660D631B959D}.Development Editor|Win32.Build.0 = BuiltWithUnrealBuildTool|Win32
		{01396C36-F0BD-4BFD-A31F-660D631B959D}.Development Editor|Win64.ActiveCfg = BuiltWithUnrealBuildTool|Win32
		{01396C36-F0BD-4BFD-A31F-660D631B959D}.Development Editor|Win64.Build.0 = BuiltWithUnrealBuildTool|Win32
		{01396C36-F0BD-4BFD-A31F-660D631B959D}.Development|Android.ActiveCfg = BuiltWithUnrealBuildTool|Win32
		{01396C36-F0BD-4BFD-A31F-660D631B959D}.Development|Android.Build.0 = BuiltWithUnrealBuildTool|Win32
		{01396C36-F0BD-4BFD-A31F-660D631B959D}.Development|Win32.ActiveCfg = BuiltWithUnrealBuildTool|Win32
		{01396C36-F0BD-4BFD-A31F-660D631B959D}.Development|Win32.Build.0 = BuiltWithUnrealBuildTool|Win32
		{01396C36-F0BD-4BFD-A31F-660D631B959D}.Development|Win64.ActiveCfg = BuiltWithUnrealBuildTool|Win32
		{01396C36-F0BD-4BFD-A31F-660D631B959D}.Development|Win64.Build.0 = BuiltWithUnrealBuildTool|Win32
		{01396C36-F0BD-4BFD-A31F-660D631B959D}.Shipping|Android.ActiveCfg = BuiltWithUnrealBuildTool|Win32
		{01396C36-F0BD-4BFD-A31F-660D631B959D}.Shipping|Android.Build.0 = BuiltWithUnrealBuildTool|Win32
		{01396C36-F0BD-4BFD-A31F-660D631B959D}.Shipping|Win32.ActiveCfg = BuiltWithUnrealBuildTool|Win32
		{01396C36-F0BD-4BFD-A31F-660D631B959D}.Shipping|Win32.Build.0 = BuiltWithUnrealBuildTool|Win32
		{01396C36-F0BD-4BFD-A31F-660D631B959D}.Shipping|Win64.ActiveCfg = BuiltWithUnrealBuildTool|Win32
		{01396C36-F0BD-4BFD-A31F-660D631B959D}.Shipping|Win64.Build.0 = BuiltWithUnrealBuildTool|Win32
		{7F581FAA-50B4-4374-89FA-D1CA68769EFA}.DebugGame Editor|Android.ActiveCfg = Android_DebugGame_Editor|Win32
		{7F581FAA-50B4-4374-89FA-D1CA68769EFA}.DebugGame Editor|Android.Build.0 = Android_DebugGame_Editor|Win32
		{7F581FAA-50B4-4374-89FA-D1CA68769EFA}.DebugGame Editor|Win32.ActiveCfg = DebugGame_Editor|Win32
		{7F581FAA-50B4-4374-89FA-D1CA68769EFA}.DebugGame Editor|Win32.Build.0 = DebugGame_Editor|Win32
		{7F581FAA-50B4-4374-89FA-D1CA68769EFA}.DebugGame Editor|Win64.ActiveCfg = DebugGame_Editor|x64
		{7F581FAA-50B4-4374-89FA-D1CA68769EFA}.DebugGame Editor|Win64.Build.0 = DebugGame_Editor|x64
		{7F581FAA-50B4-4374-89FA-D1CA68769EFA}.DebugGame|Android.ActiveCfg = Android_DebugGame_Game|Win32
		{7F581FAA-50B4-4374-89FA-D1CA68769EFA}.DebugGame|Android.Build.0 = Android_DebugGame_Game|Win32
		{7F581FAA-50B4-4374-89FA-D1CA68769EFA}.DebugGame|Win32.ActiveCfg = DebugGame_Game|Win32
		{7F581FAA-50B4-4374-89FA-D1CA68769EFA}.DebugGame|Win32.Build.0 = DebugGame_Game|Win32
		{7F581FAA-50B4-4374-89FA-D1CA68769EFA}.DebugGame|Win64.ActiveCfg = DebugGame_Game|x64
		{7F581FAA-50B4-4374-89FA-D1CA68769EFA}.DebugGame|Win64.Build.0 = DebugGame_Game|x64
		{7F581FAA-50B4-4374-89FA-D1CA68769EFA}.Development Editor|Android.ActiveCfg = Android_Development_Editor|Win32
		{7F581FAA-50B4-4374-89FA-D1CA68769EFA}.Development Editor|Android.Build.0 = Android_Development_Editor|Win32
		{7F581FAA-50B4-4374-89FA-D1CA68769EFA}.Development Editor|Win32.ActiveCfg = Development_Editor|Win32
		{7F581FAA-50B4-4374-89FA-D1CA68769EFA}.Development Editor|Win32.Build.0 = Development_Editor|Win32
		{7F581FAA-50B4-4374-89FA-D1CA68769EFA}.Development Editor|Win64.ActiveCfg = Development_Editor|x64
		{7F581FAA-50B4-4374-89FA-D1CA68769EFA}.Development Editor|Win64.Build.0 = Development_Editor|x64
		{7F581FAA-50B4-4374-89FA-D1CA68769EFA}.Development|Android.ActiveCfg = Android_Development_Game|Win32
		{7F581FAA-50B4-4374-89FA-D1CA68769EFA}.Development|Android.Build.0 = Android_Development_Game|Win32
		{7F581FAA-50B4-4374-89FA-D1CA68769EFA}.Development|Win32.ActiveCfg = Development_Game|Win32
		{7F581FAA-50B4-4374-89FA-D1CA68769EFA}.Development|Win32.Build.0 = Development_Game|Win32
		{7F581FAA-50B4-4374-89FA-D1CA68769EFA}.Development|Win64.ActiveCfg = Development_Game|x64
		{7F581FAA-50B4-4374-89FA-D1CA68769EFA}.Development|Win64.Build.0 = Development_Game|x64
		{7F581FAA-50B4-4374-89FA-D1CA68769EFA}.Shipping|Android.ActiveCfg = Android_Shipping_Game|Win32
		{7F581FAA-50B4-4374-89FA-D1CA68769EFA}.Shipping|Android.Build.0 = Android_Shipping_Game|Win32
		{7F581FAA-50B4-4374-89FA-D1CA68769EFA}.Shipping|Win32.ActiveCfg = Shipping_Game|Win32
		{7F581FAA-50B4-4374-89FA-D1CA68769EFA}.Shipping|Win32.Build.0 = Shipping_Game|Win32
		{7F581FAA-50B4-4374-89FA-D1CA68769EFA}.Shipping|Win64.ActiveCfg = Shipping_Game|x64
		{7F581FAA-50B4-4374-89FA-D1CA68769EFA}.Shipping|Win64.Build.0 = Shipping_Game|x64
	EndGlobalSection
	GlobalSection(SolutionProperties) = preSolution
		HideSolutionNode = FALSE
	EndGlobalSection
	GlobalSection(NestedProjects) = preSolution
		{01396C36-F0BD-4BFD-A31F-660D631B959D} = {27758633-1F81-465B-911C-E8262A3D682E}
		{7F581FAA-50B4-4374-89FA-D1CA68769EFA} = {42B39615-36EF-486E-A96B-EB10049F70F1}
	EndGlobalSection
EndGlobal
