
Microsoft Visual Studio Solution File, Format Version 12.00
# Visual Studio 14
VisualStudioVersion = 14.0.24720.0
MinimumVisualStudioVersion = 10.0.40219.1
Project("{2150E333-8FDC-42A3-9474-1A3956D46DE8}") = "Engine", "Engine", "{F2E92C70-0D4C-4979-87CA-53BDE1457E49}"
EndProject
Project("{2150E333-8FDC-42A3-9474-1A3956D46DE8}") = "Games", "Games", "{B1DC3315-6777-44A5-98AF-F23E9CB1FAF4}"
EndProject
Project("{8BC9CEB8-8B4A-11D0-8D11-00A0C91BC942}") = "UE4", "Intermediate\ProjectFiles\UE4.vcxproj", "{30B10241-6910-400E-9C52-0127426EBB2E}"
EndProject
Project("{8BC9CEB8-8B4A-11D0-8D11-00A0C91BC942}") = "SpaceTypingTutor", "Intermediate\ProjectFiles\SpaceTypingTutor.vcxproj", "{7B6EBC18-97C4-48BF-881A-101ABAD09EFB}"
EndProject
Global
	GlobalSection(SolutionConfigurationPlatforms) = preSolution
		DebugGame Editor|Android = DebugGame Editor|Android
		DebugGame Editor|Win32 = DebugGame Editor|Win32
		DebugGame Editor|Win64 = DebugGame Editor|Win64
		DebugGame|Android = DebugGame|Android
		DebugGame|Win32 = DebugGame|Win32
		DebugGame|Win64 = DebugGame|Win64
		Development Editor|Android = Development Editor|Android
		Development Editor|Win32 = Development Editor|Win32
		Development Editor|Win64 = Development Editor|Win64
		Development|Android = Development|Android
		Development|Win32 = Development|Win32
		Development|Win64 = Development|Win64
		Shipping|Android = Shipping|Android
		Shipping|Win32 = Shipping|Win32
		Shipping|Win64 = Shipping|Win64
	EndGlobalSection
	GlobalSection(ProjectConfigurationPlatforms) = postSolution
		{30B10241-6910-400E-9C52-0127426EBB2E}.DebugGame Editor|Android.ActiveCfg = BuiltWithUnrealBuildTool|Win32
		{30B10241-6910-400E-9C52-0127426EBB2E}.DebugGame Editor|Android.Build.0 = BuiltWithUnrealBuildTool|Win32
		{30B10241-6910-400E-9C52-0127426EBB2E}.DebugGame Editor|Win32.ActiveCfg = BuiltWithUnrealBuildTool|Win32
		{30B10241-6910-400E-9C52-0127426EBB2E}.DebugGame Editor|Win32.Build.0 = BuiltWithUnrealBuildTool|Win32
		{30B10241-6910-400E-9C52-0127426EBB2E}.DebugGame Editor|Win64.ActiveCfg = BuiltWithUnrealBuildTool|Win32
		{30B10241-6910-400E-9C52-0127426EBB2E}.DebugGame Editor|Win64.Build.0 = BuiltWithUnrealBuildTool|Win32
		{30B10241-6910-400E-9C52-0127426EBB2E}.DebugGame|Android.ActiveCfg = BuiltWithUnrealBuildTool|Win32
		{30B10241-6910-400E-9C52-0127426EBB2E}.DebugGame|Android.Build.0 = BuiltWithUnrealBuildTool|Win32
		{30B10241-6910-400E-9C52-0127426EBB2E}.DebugGame|Win32.ActiveCfg = BuiltWithUnrealBuildTool|Win32
		{30B10241-6910-400E-9C52-0127426EBB2E}.DebugGame|Win32.Build.0 = BuiltWithUnrealBuildTool|Win32
		{30B10241-6910-400E-9C52-0127426EBB2E}.DebugGame|Win64.ActiveCfg = BuiltWithUnrealBuildTool|Win32
		{30B10241-6910-400E-9C52-0127426EBB2E}.DebugGame|Win64.Build.0 = BuiltWithUnrealBuildTool|Win32
		{30B10241-6910-400E-9C52-0127426EBB2E}.Development Editor|Android.ActiveCfg = BuiltWithUnrealBuildTool|Win32
		{30B10241-6910-400E-9C52-0127426EBB2E}.Development Editor|Android.Build.0 = BuiltWithUnrealBuildTool|Win32
		{30B10241-6910-400E-9C52-0127426EBB2E}.Development Editor|Win32.ActiveCfg = BuiltWithUnrealBuildTool|Win32
		{30B10241-6910-400E-9C52-0127426EBB2E}.Development Editor|Win32.Build.0 = BuiltWithUnrealBuildTool|Win32
		{30B10241-6910-400E-9C52-0127426EBB2E}.Development Editor|Win64.ActiveCfg = BuiltWithUnrealBuildTool|Win32
		{30B10241-6910-400E-9C52-0127426EBB2E}.Development Editor|Win64.Build.0 = BuiltWithUnrealBuildTool|Win32
		{30B10241-6910-400E-9C52-0127426EBB2E}.Development|Android.ActiveCfg = BuiltWithUnrealBuildTool|Win32
		{30B10241-6910-400E-9C52-0127426EBB2E}.Development|Android.Build.0 = BuiltWithUnrealBuildTool|Win32
		{30B10241-6910-400E-9C52-0127426EBB2E}.Development|Win32.ActiveCfg = BuiltWithUnrealBuildTool|Win32
		{30B10241-6910-400E-9C52-0127426EBB2E}.Development|Win32.Build.0 = BuiltWithUnrealBuildTool|Win32
		{30B10241-6910-400E-9C52-0127426EBB2E}.Development|Win64.ActiveCfg = BuiltWithUnrealBuildTool|Win32
		{30B10241-6910-400E-9C52-0127426EBB2E}.Development|Win64.Build.0 = BuiltWithUnrealBuildTool|Win32
		{30B10241-6910-400E-9C52-0127426EBB2E}.Shipping|Android.ActiveCfg = BuiltWithUnrealBuildTool|Win32
		{30B10241-6910-400E-9C52-0127426EBB2E}.Shipping|Android.Build.0 = BuiltWithUnrealBuildTool|Win32
		{30B10241-6910-400E-9C52-0127426EBB2E}.Shipping|Win32.ActiveCfg = BuiltWithUnrealBuildTool|Win32
		{30B10241-6910-400E-9C52-0127426EBB2E}.Shipping|Win32.Build.0 = BuiltWithUnrealBuildTool|Win32
		{30B10241-6910-400E-9C52-0127426EBB2E}.Shipping|Win64.ActiveCfg = BuiltWithUnrealBuildTool|Win32
		{30B10241-6910-400E-9C52-0127426EBB2E}.Shipping|Win64.Build.0 = BuiltWithUnrealBuildTool|Win32
		{7B6EBC18-97C4-48BF-881A-101ABAD09EFB}.DebugGame Editor|Android.ActiveCfg = Android_DebugGame_Editor|Win32
		{7B6EBC18-97C4-48BF-881A-101ABAD09EFB}.DebugGame Editor|Android.Build.0 = Android_DebugGame_Editor|Win32
		{7B6EBC18-97C4-48BF-881A-101ABAD09EFB}.DebugGame Editor|Win32.ActiveCfg = DebugGame_Editor|Win32
		{7B6EBC18-97C4-48BF-881A-101ABAD09EFB}.DebugGame Editor|Win32.Build.0 = DebugGame_Editor|Win32
		{7B6EBC18-97C4-48BF-881A-101ABAD09EFB}.DebugGame Editor|Win64.ActiveCfg = DebugGame_Editor|x64
		{7B6EBC18-97C4-48BF-881A-101ABAD09EFB}.DebugGame Editor|Win64.Build.0 = DebugGame_Editor|x64
		{7B6EBC18-97C4-48BF-881A-101ABAD09EFB}.DebugGame|Android.ActiveCfg = Android_DebugGame_Game|Win32
		{7B6EBC18-97C4-48BF-881A-101ABAD09EFB}.DebugGame|Android.Build.0 = Android_DebugGame_Game|Win32
		{7B6EBC18-97C4-48BF-881A-101ABAD09EFB}.DebugGame|Win32.ActiveCfg = DebugGame_Game|Win32
		{7B6EBC18-97C4-48BF-881A-101ABAD09EFB}.DebugGame|Win32.Build.0 = DebugGame_Game|Win32
		{7B6EBC18-97C4-48BF-881A-101ABAD09EFB}.DebugGame|Win64.ActiveCfg = DebugGame_Game|x64
		{7B6EBC18-97C4-48BF-881A-101ABAD09EFB}.DebugGame|Win64.Build.0 = DebugGame_Game|x64
		{7B6EBC18-97C4-48BF-881A-101ABAD09EFB}.Development Editor|Android.ActiveCfg = Android_Development_Editor|Win32
		{7B6EBC18-97C4-48BF-881A-101ABAD09EFB}.Development Editor|Android.Build.0 = Android_Development_Editor|Win32
		{7B6EBC18-97C4-48BF-881A-101ABAD09EFB}.Development Editor|Win32.ActiveCfg = Development_Editor|Win32
		{7B6EBC18-97C4-48BF-881A-101ABAD09EFB}.Development Editor|Win32.Build.0 = Development_Editor|Win32
		{7B6EBC18-97C4-48BF-881A-101ABAD09EFB}.Development Editor|Win64.ActiveCfg = Development_Editor|x64
		{7B6EBC18-97C4-48BF-881A-101ABAD09EFB}.Development Editor|Win64.Build.0 = Development_Editor|x64
		{7B6EBC18-97C4-48BF-881A-101ABAD09EFB}.Development|Android.ActiveCfg = Android_Development_Game|Win32
		{7B6EBC18-97C4-48BF-881A-101ABAD09EFB}.Development|Android.Build.0 = Android_Development_Game|Win32
		{7B6EBC18-97C4-48BF-881A-101ABAD09EFB}.Development|Win32.ActiveCfg = Development_Game|Win32
		{7B6EBC18-97C4-48BF-881A-101ABAD09EFB}.Development|Win32.Build.0 = Development_Game|Win32
		{7B6EBC18-97C4-48BF-881A-101ABAD09EFB}.Development|Win64.ActiveCfg = Development_Game|x64
		{7B6EBC18-97C4-48BF-881A-101ABAD09EFB}.Development|Win64.Build.0 = Development_Game|x64
		{7B6EBC18-97C4-48BF-881A-101ABAD09EFB}.Shipping|Android.ActiveCfg = Android_Shipping_Game|Win32
		{7B6EBC18-97C4-48BF-881A-101ABAD09EFB}.Shipping|Android.Build.0 = Android_Shipping_Game|Win32
		{7B6EBC18-97C4-48BF-881A-101ABAD09EFB}.Shipping|Win32.ActiveCfg = Shipping_Game|Win32
		{7B6EBC18-97C4-48BF-881A-101ABAD09EFB}.Shipping|Win32.Build.0 = Shipping_Game|Win32
		{7B6EBC18-97C4-48BF-881A-101ABAD09EFB}.Shipping|Win64.ActiveCfg = Shipping_Game|x64
		{7B6EBC18-97C4-48BF-881A-101ABAD09EFB}.Shipping|Win64.Build.0 = Shipping_Game|x64
	EndGlobalSection
	GlobalSection(SolutionProperties) = preSolution
		HideSolutionNode = FALSE
	EndGlobalSection
	GlobalSection(NestedProjects) = preSolution
		{30B10241-6910-400E-9C52-0127426EBB2E} = {F2E92C70-0D4C-4979-87CA-53BDE1457E49}
		{7B6EBC18-97C4-48BF-881A-101ABAD09EFB} = {B1DC3315-6777-44A5-98AF-F23E9CB1FAF4}
	EndGlobalSection
EndGlobal
